
Microsoft Visual Studio Solution File, Format Version 12.00
# Visual Studio Version 17
VisualStudioVersion = 17.13.35919.96
MinimumVisualStudioVersion = 10.0.40219.1
Project("{2150E333-8FDC-42A3-9474-1A3956D46DE8}") = "AppSettings", "AppSettings", "{02EA681E-C7D8-13C7-8484-4AC65E1B71E8}"
	ProjectSection(SolutionItems) = preProject
		README.md = README.md
	EndProjectSection
EndProject
Project("{FAE04EC0-301F-11D3-BF4B-00C04F79EFBC}") = "AppSettingsAccessors", "AppSettings\AppSettingsAccessor\AppSettingsAccessors.csproj", "{662593B9-9728-48AF-AF28-8E4275CF60E1}"
EndProject
Project("{2150E333-8FDC-42A3-9474-1A3956D46DE8}") = "@Testing", "@Testing", "{7381D182-29A1-4BC3-8FA8-F8F3F9A9B4D6}"
EndProject
Project("{FAE04EC0-301F-11D3-BF4B-00C04F79EFBC}") = "AppSettingsAccessor.Tester", "AppSettingsAccessor.Tester\AppSettingsAccessor.Tester.csproj", "{30FB1F97-B9F3-4AC7-9DD0-9F13F751A17D}"
EndProject
Global
	GlobalSection(SolutionConfigurationPlatforms) = preSolution
		Debug|Any CPU = Debug|Any CPU
		Release|Any CPU = Release|Any CPU
	EndGlobalSection
	GlobalSection(ProjectConfigurationPlatforms) = postSolution
		{662593B9-9728-48AF-AF28-8E4275CF60E1}.Debug|Any CPU.ActiveCfg = Debug|Any CPU
		{662593B9-9728-48AF-AF28-8E4275CF60E1}.Debug|Any CPU.Build.0 = Debug|Any CPU
		{662593B9-9728-48AF-AF28-8E4275CF60E1}.Release|Any CPU.ActiveCfg = Release|Any CPU
		{662593B9-9728-48AF-AF28-8E4275CF60E1}.Release|Any CPU.Build.0 = Release|Any CPU
		{30FB1F97-B9F3-4AC7-9DD0-9F13F751A17D}.Debug|Any CPU.ActiveCfg = Debug|Any CPU
		{30FB1F97-B9F3-4AC7-9DD0-9F13F751A17D}.Debug|Any CPU.Build.0 = Debug|Any CPU
		{30FB1F97-B9F3-4AC7-9DD0-9F13F751A17D}.Release|Any CPU.ActiveCfg = Release|Any CPU
		{30FB1F97-B9F3-4AC7-9DD0-9F13F751A17D}.Release|Any CPU.Build.0 = Release|Any CPU
	EndGlobalSection
	GlobalSection(SolutionProperties) = preSolution
		HideSolutionNode = FALSE
	EndGlobalSection
	GlobalSection(NestedProjects) = preSolution
		{662593B9-9728-48AF-AF28-8E4275CF60E1} = {02EA681E-C7D8-13C7-8484-4AC65E1B71E8}
		{30FB1F97-B9F3-4AC7-9DD0-9F13F751A17D} = {7381D182-29A1-4BC3-8FA8-F8F3F9A9B4D6}
	EndGlobalSection
	GlobalSection(ExtensibilityGlobals) = postSolution
		SolutionGuid = {DE01CABB-7B6F-40AF-B916-06A938287BB2}
	EndGlobalSection
EndGlobal
